
Microsoft Visual Studio Solution File, Format Version 12.00
# Visual Studio 15
VisualStudioVersion = 15.0.28307.329
MinimumVisualStudioVersion = 10.0.40219.1
Project("{FAE04EC0-301F-11D3-BF4B-00C04F79EFBC}") = "Proyecto de admin de bases", "Proyecto de admin de bases\Proyecto de admin de bases.csproj", "{31AA0568-3A22-4C93-B00D-F6CC806E729B}"
EndProject
Global
	GlobalSection(SolutionConfigurationPlatforms) = preSolution
		Debug|Any CPU = Debug|Any CPU
		Release|Any CPU = Release|Any CPU
	EndGlobalSection
	GlobalSection(ProjectConfigurationPlatforms) = postSolution
		{31AA0568-3A22-4C93-B00D-F6CC806E729B}.Debug|Any CPU.ActiveCfg = Debug|Any CPU
		{31AA0568-3A22-4C93-B00D-F6CC806E729B}.Debug|Any CPU.Build.0 = Debug|Any CPU
		{31AA0568-3A22-4C93-B00D-F6CC806E729B}.Release|Any CPU.ActiveCfg = Release|Any CPU
		{31AA0568-3A22-4C93-B00D-F6CC806E729B}.Release|Any CPU.Build.0 = Release|Any CPU
	EndGlobalSection
	GlobalSection(SolutionProperties) = preSolution
		HideSolutionNode = FALSE
	EndGlobalSection
	GlobalSection(ExtensibilityGlobals) = postSolution
		SolutionGuid = {C05A9DA9-80C3-4DC7-8B5F-F4F6FAC5BE23}
	EndGlobalSection
EndGlobal
